
Microsoft Visual Studio Solution File, Format Version 12.00
# Visual Studio Version 16
VisualStudioVersion = 16.0.31129.286
MinimumVisualStudioVersion = 10.0.40219.1
Project("{00D1A9C2-B5F0-4AF3-8072-F6C62B433612}") = "TugasPBO", "TugasPBO\TugasPBO.sqlproj", "{8E0955DA-6F26-430B-BC6E-5662C038522D}"
EndProject
Global
	GlobalSection(SolutionConfigurationPlatforms) = preSolution
		Debug|Any CPU = Debug|Any CPU
		Release|Any CPU = Release|Any CPU
	EndGlobalSection
	GlobalSection(ProjectConfigurationPlatforms) = postSolution
		{8E0955DA-6F26-430B-BC6E-5662C038522D}.Debug|Any CPU.ActiveCfg = Debug|Any CPU
		{8E0955DA-6F26-430B-BC6E-5662C038522D}.Debug|Any CPU.Build.0 = Debug|Any CPU
		{8E0955DA-6F26-430B-BC6E-5662C038522D}.Debug|Any CPU.Deploy.0 = Debug|Any CPU
		{8E0955DA-6F26-430B-BC6E-5662C038522D}.Release|Any CPU.ActiveCfg = Release|Any CPU
		{8E0955DA-6F26-430B-BC6E-5662C038522D}.Release|Any CPU.Build.0 = Release|Any CPU
		{8E0955DA-6F26-430B-BC6E-5662C038522D}.Release|Any CPU.Deploy.0 = Release|Any CPU
	EndGlobalSection
	GlobalSection(SolutionProperties) = preSolution
		HideSolutionNode = FALSE
	EndGlobalSection
	GlobalSection(ExtensibilityGlobals) = postSolution
		SolutionGuid = {BE5D7DA4-26C7-4769-85C7-F4B8E6CDA05D}
	EndGlobalSection
EndGlobal
